
Microsoft Visual Studio Solution File, Format Version 12.00
# Visual Studio Version 17
VisualStudioVersion = 17.6.33829.357
MinimumVisualStudioVersion = 10.0.40219.1
Project("{9A19103F-16F7-4668-BE54-9A1E7A4F7556}") = "Api", "Api\Api.csproj", "{BF063631-B6A8-477C-8D78-A14D2642B32F}"
EndProject
Project("{2150E333-8FDC-42A3-9474-1A3956D46DE8}") = "src", "src", "{2E80A4CA-91AB-4894-8BA2-0B018F845453}"
EndProject
Project("{2150E333-8FDC-42A3-9474-1A3956D46DE8}") = "tests", "tests", "{57DE141B-B6A2-4B7C-AA98-479D20F9CD8D}"
EndProject
Project("{9A19103F-16F7-4668-BE54-9A1E7A4F7556}") = "DashBoardGr.Domain.Application", "DashBoardGr.Domain.Application\DashBoardGr.Domain.Application.csproj", "{B0AB87FB-B43E-40EC-813C-C4C720966430}"
EndProject
Project("{9A19103F-16F7-4668-BE54-9A1E7A4F7556}") = "DashBoardGr.Infrastructure", "DashBoardGr.Infrastructure\DashBoardGr.Infrastructure.csproj", "{805F95C1-B26E-4F47-A646-DD78C03E1366}"
EndProject
Project("{9A19103F-16F7-4668-BE54-9A1E7A4F7556}") = "DashBoardGr.Domain.Repository", "DashBoardGr.Domain.Repository\DashBoardGr.Domain.Repository.csproj", "{D497DCD2-48AA-4ADD-9BD4-2CB56265288A}"
EndProject
Project("{9A19103F-16F7-4668-BE54-9A1E7A4F7556}") = "DashBoardGr.Infrastructure.Consumer", "DashBoardGr.Infrastructure.Consumer\DashBoardGr.Infrastructure.Consumer.csproj", "{33BDEE97-6712-432F-8C77-B2F9AFB9AEBC}"
EndProject
Project("{9A19103F-16F7-4668-BE54-9A1E7A4F7556}") = "DashBoardGr.Domain.Shared", "DashBoardGr.Domain.Shared\DashBoardGr.Domain.Shared.csproj", "{1A184579-44D1-4769-964B-90004D2CB95B}"
EndProject
Project("{9A19103F-16F7-4668-BE54-9A1E7A4F7556}") = "DashBoardGr.Infrastructure.ConsumerGr", "DashBoardGr.Infrastructure.ConsumerGr\DashBoardGr.Infrastructure.ConsumerGr.csproj", "{44EC0601-D2EB-411C-B8ED-5AA8B1DDF877}"
EndProject
Project("{FAE04EC0-301F-11D3-BF4B-00C04F79EFBC}") = "DashBoardGr.Test", "DashBoardGr.Test\DashBoardGr.Test.csproj", "{BADA0F82-7E0F-45B1-88D0-F1CA7A79815D}"
EndProject
Global
	GlobalSection(SolutionConfigurationPlatforms) = preSolution
		Debug|Any CPU = Debug|Any CPU
		Release|Any CPU = Release|Any CPU
	EndGlobalSection
	GlobalSection(ProjectConfigurationPlatforms) = postSolution
		{BF063631-B6A8-477C-8D78-A14D2642B32F}.Debug|Any CPU.ActiveCfg = Debug|Any CPU
		{BF063631-B6A8-477C-8D78-A14D2642B32F}.Debug|Any CPU.Build.0 = Debug|Any CPU
		{BF063631-B6A8-477C-8D78-A14D2642B32F}.Release|Any CPU.ActiveCfg = Release|Any CPU
		{BF063631-B6A8-477C-8D78-A14D2642B32F}.Release|Any CPU.Build.0 = Release|Any CPU
		{B0AB87FB-B43E-40EC-813C-C4C720966430}.Debug|Any CPU.ActiveCfg = Debug|Any CPU
		{B0AB87FB-B43E-40EC-813C-C4C720966430}.Debug|Any CPU.Build.0 = Debug|Any CPU
		{B0AB87FB-B43E-40EC-813C-C4C720966430}.Release|Any CPU.ActiveCfg = Release|Any CPU
		{B0AB87FB-B43E-40EC-813C-C4C720966430}.Release|Any CPU.Build.0 = Release|Any CPU
		{805F95C1-B26E-4F47-A646-DD78C03E1366}.Debug|Any CPU.ActiveCfg = Debug|Any CPU
		{805F95C1-B26E-4F47-A646-DD78C03E1366}.Debug|Any CPU.Build.0 = Debug|Any CPU
		{805F95C1-B26E-4F47-A646-DD78C03E1366}.Release|Any CPU.ActiveCfg = Release|Any CPU
		{805F95C1-B26E-4F47-A646-DD78C03E1366}.Release|Any CPU.Build.0 = Release|Any CPU
		{D497DCD2-48AA-4ADD-9BD4-2CB56265288A}.Debug|Any CPU.ActiveCfg = Debug|Any CPU
		{D497DCD2-48AA-4ADD-9BD4-2CB56265288A}.Debug|Any CPU.Build.0 = Debug|Any CPU
		{D497DCD2-48AA-4ADD-9BD4-2CB56265288A}.Release|Any CPU.ActiveCfg = Release|Any CPU
		{D497DCD2-48AA-4ADD-9BD4-2CB56265288A}.Release|Any CPU.Build.0 = Release|Any CPU
		{33BDEE97-6712-432F-8C77-B2F9AFB9AEBC}.Debug|Any CPU.ActiveCfg = Debug|Any CPU
		{33BDEE97-6712-432F-8C77-B2F9AFB9AEBC}.Debug|Any CPU.Build.0 = Debug|Any CPU
		{33BDEE97-6712-432F-8C77-B2F9AFB9AEBC}.Release|Any CPU.ActiveCfg = Release|Any CPU
		{33BDEE97-6712-432F-8C77-B2F9AFB9AEBC}.Release|Any CPU.Build.0 = Release|Any CPU
		{1A184579-44D1-4769-964B-90004D2CB95B}.Debug|Any CPU.ActiveCfg = Debug|Any CPU
		{1A184579-44D1-4769-964B-90004D2CB95B}.Debug|Any CPU.Build.0 = Debug|Any CPU
		{1A184579-44D1-4769-964B-90004D2CB95B}.Release|Any CPU.ActiveCfg = Release|Any CPU
		{1A184579-44D1-4769-964B-90004D2CB95B}.Release|Any CPU.Build.0 = Release|Any CPU
		{44EC0601-D2EB-411C-B8ED-5AA8B1DDF877}.Debug|Any CPU.ActiveCfg = Debug|Any CPU
		{44EC0601-D2EB-411C-B8ED-5AA8B1DDF877}.Debug|Any CPU.Build.0 = Debug|Any CPU
		{44EC0601-D2EB-411C-B8ED-5AA8B1DDF877}.Release|Any CPU.ActiveCfg = Release|Any CPU
		{44EC0601-D2EB-411C-B8ED-5AA8B1DDF877}.Release|Any CPU.Build.0 = Release|Any CPU
		{BADA0F82-7E0F-45B1-88D0-F1CA7A79815D}.Debug|Any CPU.ActiveCfg = Debug|Any CPU
		{BADA0F82-7E0F-45B1-88D0-F1CA7A79815D}.Debug|Any CPU.Build.0 = Debug|Any CPU
		{BADA0F82-7E0F-45B1-88D0-F1CA7A79815D}.Release|Any CPU.ActiveCfg = Release|Any CPU
		{BADA0F82-7E0F-45B1-88D0-F1CA7A79815D}.Release|Any CPU.Build.0 = Release|Any CPU
	EndGlobalSection
	GlobalSection(SolutionProperties) = preSolution
		HideSolutionNode = FALSE
	EndGlobalSection
	GlobalSection(NestedProjects) = preSolution
		{BF063631-B6A8-477C-8D78-A14D2642B32F} = {2E80A4CA-91AB-4894-8BA2-0B018F845453}
		{B0AB87FB-B43E-40EC-813C-C4C720966430} = {2E80A4CA-91AB-4894-8BA2-0B018F845453}
		{805F95C1-B26E-4F47-A646-DD78C03E1366} = {2E80A4CA-91AB-4894-8BA2-0B018F845453}
		{D497DCD2-48AA-4ADD-9BD4-2CB56265288A} = {2E80A4CA-91AB-4894-8BA2-0B018F845453}
		{33BDEE97-6712-432F-8C77-B2F9AFB9AEBC} = {2E80A4CA-91AB-4894-8BA2-0B018F845453}
		{1A184579-44D1-4769-964B-90004D2CB95B} = {2E80A4CA-91AB-4894-8BA2-0B018F845453}
		{BADA0F82-7E0F-45B1-88D0-F1CA7A79815D} = {57DE141B-B6A2-4B7C-AA98-479D20F9CD8D}
	EndGlobalSection
	GlobalSection(ExtensibilityGlobals) = postSolution
		SolutionGuid = {87DD155E-6C5D-4680-BA9D-F9274D475B4A}
	EndGlobalSection
EndGlobal
